
Microsoft Visual Studio Solution File, Format Version 12.00
# Visual Studio Version 17
VisualStudioVersion = 17.12.35514.174 d17.12
MinimumVisualStudioVersion = 10.0.40219.1
Project("{FAE04EC0-301F-11D3-BF4B-00C04F79EFBC}") = "BlazorServerAndWebAssembly", "BlazorServerAndWebAssembly\BlazorServerAndWebAssembly.csproj", "{1BF912FE-5D48-4892-B096-7A4E66398D0A}"
EndProject
Project("{FAE04EC0-301F-11D3-BF4B-00C04F79EFBC}") = "BlazorServerAndWebAssembly.Client", "BlazorServerAndWebAssembly.Client\BlazorServerAndWebAssembly.Client.csproj", "{60A735E7-B0D0-488C-BA9B-E791CAE03CBC}"
EndProject
Global
	GlobalSection(SolutionConfigurationPlatforms) = preSolution
		Debug|Any CPU = Debug|Any CPU
		Release|Any CPU = Release|Any CPU
	EndGlobalSection
	GlobalSection(ProjectConfigurationPlatforms) = postSolution
		{1BF912FE-5D48-4892-B096-7A4E66398D0A}.Debug|Any CPU.ActiveCfg = Debug|Any CPU
		{1BF912FE-5D48-4892-B096-7A4E66398D0A}.Debug|Any CPU.Build.0 = Debug|Any CPU
		{1BF912FE-5D48-4892-B096-7A4E66398D0A}.Release|Any CPU.ActiveCfg = Release|Any CPU
		{1BF912FE-5D48-4892-B096-7A4E66398D0A}.Release|Any CPU.Build.0 = Release|Any CPU
		{60A735E7-B0D0-488C-BA9B-E791CAE03CBC}.Debug|Any CPU.ActiveCfg = Debug|Any CPU
		{60A735E7-B0D0-488C-BA9B-E791CAE03CBC}.Debug|Any CPU.Build.0 = Debug|Any CPU
		{60A735E7-B0D0-488C-BA9B-E791CAE03CBC}.Release|Any CPU.ActiveCfg = Release|Any CPU
		{60A735E7-B0D0-488C-BA9B-E791CAE03CBC}.Release|Any CPU.Build.0 = Release|Any CPU
	EndGlobalSection
	GlobalSection(SolutionProperties) = preSolution
		HideSolutionNode = FALSE
	EndGlobalSection
EndGlobal
